// !$*UTF8*$!
{
	archiveVersion = 1;
	classes = {
	};
	objectVersion = 56;
	objects = {

/* Begin PBXBuildFile section */
		5A2D593E2AC6E2040014C3A1 /* ControllerHapticsView.swift in Sources */ = {isa = PBXBuildFile; fileRef = 5A2D593D2AC6E2040014C3A1 /* ControllerHapticsView.swift */; };
		5A2D59402AC6E23C0014C3A1 /* ControllerHapticsViewModel.swift in Sources */ = {isa = PBXBuildFile; fileRef = 5A2D593F2AC6E23C0014C3A1 /* ControllerHapticsViewModel.swift */; };
		5A3490652ACAA5600034B430 /* Heartbeats2.ahap in Resources */ = {isa = PBXBuildFile; fileRef = 5A3490642ACAA5600034B430 /* Heartbeats2.ahap */; };
		5A3490672ACAA69A0034B430 /* Sparkle2.ahap in Resources */ = {isa = PBXBuildFile; fileRef = 5A3490662ACAA69A0034B430 /* Sparkle2.ahap */; };
		5A82C4542AC5B4F500F285EA /* InLava.ahap in Resources */ = {isa = PBXBuildFile; fileRef = 5A82C4532AC5B4F500F285EA /* InLava.ahap */; };
		5A82C4562AC5C84300F285EA /* Oscillate.ahap in Resources */ = {isa = PBXBuildFile; fileRef = 5A82C4552AC5C84300F285EA /* Oscillate.ahap */; };
		5A82C45C2AC5DF2300F285EA /* Heartbeats.ahap in Resources */ = {isa = PBXBuildFile; fileRef = 5A82C45B2AC5DF2300F285EA /* Heartbeats.ahap */; };
		5A82C45E2AC5E5D000F285EA /* ControllerHapticsManager.swift in Sources */ = {isa = PBXBuildFile; fileRef = 5A82C45D2AC5E5D000F285EA /* ControllerHapticsManager.swift */; };
		5A82C4622AC5F28F00F285EA /* InLavaStrong.ahap in Resources */ = {isa = PBXBuildFile; fileRef = 5A82C4612AC5F28F00F285EA /* InLavaStrong.ahap */; };
		5A82C4672AC5F39F00F285EA /* Rumble.ahap in Resources */ = {isa = PBXBuildFile; fileRef = 5A82C4642AC5F39F00F285EA /* Rumble.ahap */; };
		FA038E0E2ABDC83100809779 /* TestVibrationApp.swift in Sources */ = {isa = PBXBuildFile; fileRef = FA038E0D2ABDC83100809779 /* TestVibrationApp.swift */; };
		FA038E102ABDC83100809779 /* ContentView.swift in Sources */ = {isa = PBXBuildFile; fileRef = FA038E0F2ABDC83100809779 /* ContentView.swift */; };
		FA038E122ABDC83200809779 /* Assets.xcassets in Resources */ = {isa = PBXBuildFile; fileRef = FA038E112ABDC83200809779 /* Assets.xcassets */; };
		FA038E152ABDC83200809779 /* Preview Assets.xcassets in Resources */ = {isa = PBXBuildFile; fileRef = FA038E142ABDC83200809779 /* Preview Assets.xcassets */; };
		FA038E1C2ABDC84400809779 /* ViewModel.swift in Sources */ = {isa = PBXBuildFile; fileRef = FA038E1B2ABDC84400809779 /* ViewModel.swift */; };
		FA038E1E2ABDC87800809779 /* Model.swift in Sources */ = {isa = PBXBuildFile; fileRef = FA038E1D2ABDC87800809779 /* Model.swift */; };
		FA038E202ABDD1A300809779 /* HapticsManager.swift in Sources */ = {isa = PBXBuildFile; fileRef = FA038E1F2ABDD1A300809779 /* HapticsManager.swift */; };
		FA038E222ABDD38700809779 /* ImpactVibrationManager.swift in Sources */ = {isa = PBXBuildFile; fileRef = FA038E212ABDD38700809779 /* ImpactVibrationManager.swift */; };
		FA0678432AC0A8CE003693F6 /* NotificationVibrationManager.swift in Sources */ = {isa = PBXBuildFile; fileRef = FA0678422AC0A8CE003693F6 /* NotificationVibrationManager.swift */; };
		FA1C95892AC1DAC500C32390 /* JoystickHapticsView.swift in Sources */ = {isa = PBXBuildFile; fileRef = FA1C95882AC1DAC500C32390 /* JoystickHapticsView.swift */; };
		FA1C958B2AC1DAE400C32390 /* JoystickHapticsViewModel.swift in Sources */ = {isa = PBXBuildFile; fileRef = FA1C958A2AC1DAE400C32390 /* JoystickHapticsViewModel.swift */; };
		FA1C958D2AC1DB0000C32390 /* JoystickHapticsManager.swift in Sources */ = {isa = PBXBuildFile; fileRef = FA1C958C2AC1DB0000C32390 /* JoystickHapticsManager.swift */; };
		FA1C958F2AC1DC2100C32390 /* MainTabBarView.swift in Sources */ = {isa = PBXBuildFile; fileRef = FA1C958E2AC1DC2100C32390 /* MainTabBarView.swift */; };
		FA1C95952AC2D15600C32390 /* Adapty in Frameworks */ = {isa = PBXBuildFile; productRef = FA1C95942AC2D15600C32390 /* Adapty */; };
		FA1C95972AC2D1E100C32390 /* AppDelegate.swift in Sources */ = {isa = PBXBuildFile; fileRef = FA1C95962AC2D1E100C32390 /* AppDelegate.swift */; };
		FA1C959A2AC2E02900C32390 /* AdaptyUI in Frameworks */ = {isa = PBXBuildFile; productRef = FA1C95992AC2E02900C32390 /* AdaptyUI */; };
		FA1C959C2AC3096000C32390 /* SubscriptionService.swift in Sources */ = {isa = PBXBuildFile; fileRef = FA1C959B2AC3096000C32390 /* SubscriptionService.swift */; };
		FA1C959E2AC30A3200C32390 /* VisualPaywallController.swift in Sources */ = {isa = PBXBuildFile; fileRef = FA1C959D2AC30A3200C32390 /* VisualPaywallController.swift */; };
		FA1C95A02AC319CA00C32390 /* AdaptyPaywallDelegate.swift in Sources */ = {isa = PBXBuildFile; fileRef = FA1C959F2AC319CA00C32390 /* AdaptyPaywallDelegate.swift */; };
/* End PBXBuildFile section */

/* Begin PBXFileReference section */
		5A2D593D2AC6E2040014C3A1 /* ControllerHapticsView.swift */ = {isa = PBXFileReference; lastKnownFileType = sourcecode.swift; path = ControllerHapticsView.swift; sourceTree = "<group>"; };
		5A2D593F2AC6E23C0014C3A1 /* ControllerHapticsViewModel.swift */ = {isa = PBXFileReference; lastKnownFileType = sourcecode.swift; path = ControllerHapticsViewModel.swift; sourceTree = "<group>"; };
		5A3490642ACAA5600034B430 /* Heartbeats2.ahap */ = {isa = PBXFileReference; fileEncoding = 4; lastKnownFileType = text; path = Heartbeats2.ahap; sourceTree = "<group>"; };
		5A3490662ACAA69A0034B430 /* Sparkle2.ahap */ = {isa = PBXFileReference; fileEncoding = 4; lastKnownFileType = text; path = Sparkle2.ahap; sourceTree = "<group>"; };
		5A82C4532AC5B4F500F285EA /* InLava.ahap */ = {isa = PBXFileReference; fileEncoding = 4; lastKnownFileType = text; path = InLava.ahap; sourceTree = "<group>"; };
		5A82C4552AC5C84300F285EA /* Oscillate.ahap */ = {isa = PBXFileReference; fileEncoding = 4; lastKnownFileType = text; path = Oscillate.ahap; sourceTree = "<group>"; };
		5A82C45B2AC5DF2300F285EA /* Heartbeats.ahap */ = {isa = PBXFileReference; fileEncoding = 4; lastKnownFileType = text; path = Heartbeats.ahap; sourceTree = "<group>"; };
		5A82C45D2AC5E5D000F285EA /* ControllerHapticsManager.swift */ = {isa = PBXFileReference; lastKnownFileType = sourcecode.swift; path = ControllerHapticsManager.swift; sourceTree = "<group>"; };
		5A82C4612AC5F28F00F285EA /* InLavaStrong.ahap */ = {isa = PBXFileReference; fileEncoding = 4; lastKnownFileType = text; path = InLavaStrong.ahap; sourceTree = "<group>"; };
		5A82C4642AC5F39F00F285EA /* Rumble.ahap */ = {isa = PBXFileReference; fileEncoding = 4; lastKnownFileType = text; path = Rumble.ahap; sourceTree = "<group>"; };
		FA038E0A2ABDC83100809779 /* TestVibration.app */ = {isa = PBXFileReference; explicitFileType = wrapper.application; includeInIndex = 0; path = TestVibration.app; sourceTree = BUILT_PRODUCTS_DIR; };
		FA038E0D2ABDC83100809779 /* TestVibrationApp.swift */ = {isa = PBXFileReference; lastKnownFileType = sourcecode.swift; path = TestVibrationApp.swift; sourceTree = "<group>"; };
		FA038E0F2ABDC83100809779 /* ContentView.swift */ = {isa = PBXFileReference; lastKnownFileType = sourcecode.swift; path = ContentView.swift; sourceTree = "<group>"; };
		FA038E112ABDC83200809779 /* Assets.xcassets */ = {isa = PBXFileReference; lastKnownFileType = folder.assetcatalog; path = Assets.xcassets; sourceTree = "<group>"; };
		FA038E142ABDC83200809779 /* Preview Assets.xcassets */ = {isa = PBXFileReference; lastKnownFileType = folder.assetcatalog; path = "Preview Assets.xcassets"; sourceTree = "<group>"; };
		FA038E1B2ABDC84400809779 /* ViewModel.swift */ = {isa = PBXFileReference; lastKnownFileType = sourcecode.swift; path = ViewModel.swift; sourceTree = "<group>"; };
		FA038E1D2ABDC87800809779 /* Model.swift */ = {isa = PBXFileReference; lastKnownFileType = sourcecode.swift; path = Model.swift; sourceTree = "<group>"; };
		FA038E1F2ABDD1A300809779 /* HapticsManager.swift */ = {isa = PBXFileReference; lastKnownFileType = sourcecode.swift; path = HapticsManager.swift; sourceTree = "<group>"; };
		FA038E212ABDD38700809779 /* ImpactVibrationManager.swift */ = {isa = PBXFileReference; lastKnownFileType = sourcecode.swift; path = ImpactVibrationManager.swift; sourceTree = "<group>"; };
		FA0678422AC0A8CE003693F6 /* NotificationVibrationManager.swift */ = {isa = PBXFileReference; lastKnownFileType = sourcecode.swift; path = NotificationVibrationManager.swift; sourceTree = "<group>"; };
		FA1C95882AC1DAC500C32390 /* JoystickHapticsView.swift */ = {isa = PBXFileReference; lastKnownFileType = sourcecode.swift; path = JoystickHapticsView.swift; sourceTree = "<group>"; };
		FA1C958A2AC1DAE400C32390 /* JoystickHapticsViewModel.swift */ = {isa = PBXFileReference; lastKnownFileType = sourcecode.swift; path = JoystickHapticsViewModel.swift; sourceTree = "<group>"; };
		FA1C958C2AC1DB0000C32390 /* JoystickHapticsManager.swift */ = {isa = PBXFileReference; lastKnownFileType = sourcecode.swift; path = JoystickHapticsManager.swift; sourceTree = "<group>"; };
		FA1C958E2AC1DC2100C32390 /* MainTabBarView.swift */ = {isa = PBXFileReference; lastKnownFileType = sourcecode.swift; path = MainTabBarView.swift; sourceTree = "<group>"; };
		FA1C95962AC2D1E100C32390 /* AppDelegate.swift */ = {isa = PBXFileReference; lastKnownFileType = sourcecode.swift; path = AppDelegate.swift; sourceTree = "<group>"; };
		FA1C959B2AC3096000C32390 /* SubscriptionService.swift */ = {isa = PBXFileReference; lastKnownFileType = sourcecode.swift; path = SubscriptionService.swift; sourceTree = "<group>"; };
		FA1C959D2AC30A3200C32390 /* VisualPaywallController.swift */ = {isa = PBXFileReference; lastKnownFileType = sourcecode.swift; path = VisualPaywallController.swift; sourceTree = "<group>"; };
		FA1C959F2AC319CA00C32390 /* AdaptyPaywallDelegate.swift */ = {isa = PBXFileReference; lastKnownFileType = sourcecode.swift; path = AdaptyPaywallDelegate.swift; sourceTree = "<group>"; };
/* End PBXFileReference section */

/* Begin PBXFrameworksBuildPhase section */
		FA038E072ABDC83100809779 /* Frameworks */ = {
			isa = PBXFrameworksBuildPhase;
			buildActionMask = 2147483647;
			files = (
				FA1C95952AC2D15600C32390 /* Adapty in Frameworks */,
				FA1C959A2AC2E02900C32390 /* AdaptyUI in Frameworks */,
			);
			runOnlyForDeploymentPostprocessing = 0;
		};
/* End PBXFrameworksBuildPhase section */

/* Begin PBXGroup section */
		5A2D593C2AC6E1E10014C3A1 /* ControllerHaptics */ = {
			isa = PBXGroup;
			children = (
				5A82C45D2AC5E5D000F285EA /* ControllerHapticsManager.swift */,
				5A2D593D2AC6E2040014C3A1 /* ControllerHapticsView.swift */,
				5A2D593F2AC6E23C0014C3A1 /* ControllerHapticsViewModel.swift */,
			);
			path = ControllerHaptics;
			sourceTree = "<group>";
		};
		FA038E012ABDC83100809779 = {
			isa = PBXGroup;
			children = (
				FA038E0C2ABDC83100809779 /* TestVibration */,
				FA038E0B2ABDC83100809779 /* Products */,
			);
			sourceTree = "<group>";
		};
		FA038E0B2ABDC83100809779 /* Products */ = {
			isa = PBXGroup;
			children = (
				FA038E0A2ABDC83100809779 /* TestVibration.app */,
			);
			name = Products;
			sourceTree = "<group>";
		};
		FA038E0C2ABDC83100809779 /* TestVibration */ = {
			isa = PBXGroup;
			children = (
				5A82C4532AC5B4F500F285EA /* InLava.ahap */,
				5A82C4612AC5F28F00F285EA /* InLavaStrong.ahap */,
				5A82C4552AC5C84300F285EA /* Oscillate.ahap */,
				5A82C45B2AC5DF2300F285EA /* Heartbeats.ahap */,
				5A3490642ACAA5600034B430 /* Heartbeats2.ahap */,
				5A3490662ACAA69A0034B430 /* Sparkle2.ahap */,
				5A82C4642AC5F39F00F285EA /* Rumble.ahap */,
				FA038E0D2ABDC83100809779 /* TestVibrationApp.swift */,
				FA1C958E2AC1DC2100C32390 /* MainTabBarView.swift */,
				FA1C95962AC2D1E100C32390 /* AppDelegate.swift */,
				FA1C959B2AC3096000C32390 /* SubscriptionService.swift */,
				FA038E0F2ABDC83100809779 /* ContentView.swift */,
				FA1C959F2AC319CA00C32390 /* AdaptyPaywallDelegate.swift */,
				FA1C95882AC1DAC500C32390 /* JoystickHapticsView.swift */,
				FA1C958A2AC1DAE400C32390 /* JoystickHapticsViewModel.swift */,
				FA1C958C2AC1DB0000C32390 /* JoystickHapticsManager.swift */,
				5A2D593C2AC6E1E10014C3A1 /* ControllerHaptics */,
				FA038E1B2ABDC84400809779 /* ViewModel.swift */,
				FA038E1F2ABDD1A300809779 /* HapticsManager.swift */,
				FA038E212ABDD38700809779 /* ImpactVibrationManager.swift */,
				FA0678422AC0A8CE003693F6 /* NotificationVibrationManager.swift */,
				FA038E1D2ABDC87800809779 /* Model.swift */,
				FA1C959D2AC30A3200C32390 /* VisualPaywallController.swift */,
				FA038E112ABDC83200809779 /* Assets.xcassets */,
				FA038E132ABDC83200809779 /* Preview Content */,
			);
			path = TestVibration;
			sourceTree = "<group>";
		};
		FA038E132ABDC83200809779 /* Preview Content */ = {
			isa = PBXGroup;
			children = (
				FA038E142ABDC83200809779 /* Preview Assets.xcassets */,
			);
			path = "Preview Content";
			sourceTree = "<group>";
		};
/* End PBXGroup section */

/* Begin PBXNativeTarget section */
		FA038E092ABDC83100809779 /* TestVibration */ = {
			isa = PBXNativeTarget;
			buildConfigurationList = FA038E182ABDC83200809779 /* Build configuration list for PBXNativeTarget "TestVibration" */;
			buildPhases = (
				FA038E062ABDC83100809779 /* Sources */,
				FA038E072ABDC83100809779 /* Frameworks */,
				FA038E082ABDC83100809779 /* Resources */,
			);
			buildRules = (
			);
			dependencies = (
			);
			name = TestVibration;
			packageProductDependencies = (
				FA1C95942AC2D15600C32390 /* Adapty */,
				FA1C95992AC2E02900C32390 /* AdaptyUI */,
			);
			productName = TestVibration;
			productReference = FA038E0A2ABDC83100809779 /* TestVibration.app */;
			productType = "com.apple.product-type.application";
		};
/* End PBXNativeTarget section */

/* Begin PBXProject section */
		FA038E022ABDC83100809779 /* Project object */ = {
			isa = PBXProject;
			attributes = {
				BuildIndependentTargetsInParallel = 1;
				LastSwiftUpdateCheck = 1430;
				LastUpgradeCheck = 1430;
				TargetAttributes = {
					FA038E092ABDC83100809779 = {
						CreatedOnToolsVersion = 14.3.1;
					};
				};
			};
			buildConfigurationList = FA038E052ABDC83100809779 /* Build configuration list for PBXProject "TestVibration" */;
			compatibilityVersion = "Xcode 14.0";
			developmentRegion = en;
			hasScannedForEncodings = 0;
			knownRegions = (
				en,
				Base,
			);
			mainGroup = FA038E012ABDC83100809779;
			packageReferences = (
				FA1C95932AC2D15600C32390 /* XCRemoteSwiftPackageReference "AdaptySDK-iOS" */,
				FA1C95982AC2E02900C32390 /* XCRemoteSwiftPackageReference "AdaptyUI-iOS" */,
			);
			productRefGroup = FA038E0B2ABDC83100809779 /* Products */;
			projectDirPath = "";
			projectRoot = "";
			targets = (
				FA038E092ABDC83100809779 /* TestVibration */,
			);
		};
/* End PBXProject section */

/* Begin PBXResourcesBuildPhase section */
		FA038E082ABDC83100809779 /* Resources */ = {
			isa = PBXResourcesBuildPhase;
			buildActionMask = 2147483647;
			files = (
				5A3490672ACAA69A0034B430 /* Sparkle2.ahap in Resources */,
				FA038E152ABDC83200809779 /* Preview Assets.xcassets in Resources */,
				5A3490652ACAA5600034B430 /* Heartbeats2.ahap in Resources */,
				5A82C4542AC5B4F500F285EA /* InLava.ahap in Resources */,
				5A82C45C2AC5DF2300F285EA /* Heartbeats.ahap in Resources */,
				5A82C4622AC5F28F00F285EA /* InLavaStrong.ahap in Resources */,
				5A82C4562AC5C84300F285EA /* Oscillate.ahap in Resources */,
				5A82C4672AC5F39F00F285EA /* Rumble.ahap in Resources */,
				FA038E122ABDC83200809779 /* Assets.xcassets in Resources */,
			);
			runOnlyForDeploymentPostprocessing = 0;
		};
/* End PBXResourcesBuildPhase section */

/* Begin PBXSourcesBuildPhase section */
		FA038E062ABDC83100809779 /* Sources */ = {
			isa = PBXSourcesBuildPhase;
			buildActionMask = 2147483647;
			files = (
				5A2D59402AC6E23C0014C3A1 /* ControllerHapticsViewModel.swift in Sources */,
				5A2D593E2AC6E2040014C3A1 /* ControllerHapticsView.swift in Sources */,
				FA1C95972AC2D1E100C32390 /* AppDelegate.swift in Sources */,
				FA1C958B2AC1DAE400C32390 /* JoystickHapticsViewModel.swift in Sources */,
				FA038E222ABDD38700809779 /* ImpactVibrationManager.swift in Sources */,
				FA038E102ABDC83100809779 /* ContentView.swift in Sources */,
				5A82C45E2AC5E5D000F285EA /* ControllerHapticsManager.swift in Sources */,
				FA1C958F2AC1DC2100C32390 /* MainTabBarView.swift in Sources */,
				FA038E1C2ABDC84400809779 /* ViewModel.swift in Sources */,
				FA1C95892AC1DAC500C32390 /* JoystickHapticsView.swift in Sources */,
				FA1C95A02AC319CA00C32390 /* AdaptyPaywallDelegate.swift in Sources */,
				FA038E0E2ABDC83100809779 /* TestVibrationApp.swift in Sources */,
				FA0678432AC0A8CE003693F6 /* NotificationVibrationManager.swift in Sources */,
				FA038E202ABDD1A300809779 /* HapticsManager.swift in Sources */,
				FA1C959E2AC30A3200C32390 /* VisualPaywallController.swift in Sources */,
				FA1C959C2AC3096000C32390 /* SubscriptionService.swift in Sources */,
				FA1C958D2AC1DB0000C32390 /* JoystickHapticsManager.swift in Sources */,
				FA038E1E2ABDC87800809779 /* Model.swift in Sources */,
			);
			runOnlyForDeploymentPostprocessing = 0;
		};
/* End PBXSourcesBuildPhase section */

/* Begin XCBuildConfiguration section */
		FA038E162ABDC83200809779 /* Debug */ = {
			isa = XCBuildConfiguration;
			buildSettings = {
				ALWAYS_SEARCH_USER_PATHS = NO;
				CLANG_ANALYZER_NONNULL = YES;
				CLANG_ANALYZER_NUMBER_OBJECT_CONVERSION = YES_AGGRESSIVE;
				CLANG_CXX_LANGUAGE_STANDARD = "gnu++20";
				CLANG_ENABLE_MODULES = YES;
				CLANG_ENABLE_OBJC_ARC = YES;
				CLANG_ENABLE_OBJC_WEAK = YES;
				CLANG_WARN_BLOCK_CAPTURE_AUTORELEASING = YES;
				CLANG_WARN_BOOL_CONVERSION = YES;
				CLANG_WARN_COMMA = YES;
				CLANG_WARN_CONSTANT_CONVERSION = YES;
				CLANG_WARN_DEPRECATED_OBJC_IMPLEMENTATIONS = YES;
				CLANG_WARN_DIRECT_OBJC_ISA_USAGE = YES_ERROR;
				CLANG_WARN_DOCUMENTATION_COMMENTS = YES;
				CLANG_WARN_EMPTY_BODY = YES;
				CLANG_WARN_ENUM_CONVERSION = YES;
				CLANG_WARN_INFINITE_RECURSION = YES;
				CLANG_WARN_INT_CONVERSION = YES;
				CLANG_WARN_NON_LITERAL_NULL_CONVERSION = YES;
				CLANG_WARN_OBJC_IMPLICIT_RETAIN_SELF = YES;
				CLANG_WARN_OBJC_LITERAL_CONVERSION = YES;
				CLANG_WARN_OBJC_ROOT_CLASS = YES_ERROR;
				CLANG_WARN_QUOTED_INCLUDE_IN_FRAMEWORK_HEADER = YES;
				CLANG_WARN_RANGE_LOOP_ANALYSIS = YES;
				CLANG_WARN_STRICT_PROTOTYPES = YES;
				CLANG_WARN_SUSPICIOUS_MOVE = YES;
				CLANG_WARN_UNGUARDED_AVAILABILITY = YES_AGGRESSIVE;
				CLANG_WARN_UNREACHABLE_CODE = YES;
				CLANG_WARN__DUPLICATE_METHOD_MATCH = YES;
				COPY_PHASE_STRIP = NO;
				DEBUG_INFORMATION_FORMAT = dwarf;
				ENABLE_STRICT_OBJC_MSGSEND = YES;
				ENABLE_TESTABILITY = YES;
				GCC_C_LANGUAGE_STANDARD = gnu11;
				GCC_DYNAMIC_NO_PIC = NO;
				GCC_NO_COMMON_BLOCKS = YES;
				GCC_OPTIMIZATION_LEVEL = 0;
				GCC_PREPROCESSOR_DEFINITIONS = (
					"DEBUG=1",
					"$(inherited)",
				);
				GCC_WARN_64_TO_32_BIT_CONVERSION = YES;
				GCC_WARN_ABOUT_RETURN_TYPE = YES_ERROR;
				GCC_WARN_UNDECLARED_SELECTOR = YES;
				GCC_WARN_UNINITIALIZED_AUTOS = YES_AGGRESSIVE;
				GCC_WARN_UNUSED_FUNCTION = YES;
				GCC_WARN_UNUSED_VARIABLE = YES;
				IPHONEOS_DEPLOYMENT_TARGET = 15.0;
				MTL_ENABLE_DEBUG_INFO = INCLUDE_SOURCE;
				MTL_FAST_MATH = YES;
				ONLY_ACTIVE_ARCH = YES;
				SDKROOT = iphoneos;
				SWIFT_ACTIVE_COMPILATION_CONDITIONS = DEBUG;
				SWIFT_OPTIMIZATION_LEVEL = "-Onone";
			};
			name = Debug;
		};
		FA038E172ABDC83200809779 /* Release */ = {
			isa = XCBuildConfiguration;
			buildSettings = {
				ALWAYS_SEARCH_USER_PATHS = NO;
				CLANG_ANALYZER_NONNULL = YES;
				CLANG_ANALYZER_NUMBER_OBJECT_CONVERSION = YES_AGGRESSIVE;
				CLANG_CXX_LANGUAGE_STANDARD = "gnu++20";
				CLANG_ENABLE_MODULES = YES;
				CLANG_ENABLE_OBJC_ARC = YES;
				CLANG_ENABLE_OBJC_WEAK = YES;
				CLANG_WARN_BLOCK_CAPTURE_AUTORELEASING = YES;
				CLANG_WARN_BOOL_CONVERSION = YES;
				CLANG_WARN_COMMA = YES;
				CLANG_WARN_CONSTANT_CONVERSION = YES;
				CLANG_WARN_DEPRECATED_OBJC_IMPLEMENTATIONS = YES;
				CLANG_WARN_DIRECT_OBJC_ISA_USAGE = YES_ERROR;
				CLANG_WARN_DOCUMENTATION_COMMENTS = YES;
				CLANG_WARN_EMPTY_BODY = YES;
				CLANG_WARN_ENUM_CONVERSION = YES;
				CLANG_WARN_INFINITE_RECURSION = YES;
				CLANG_WARN_INT_CONVERSION = YES;
				CLANG_WARN_NON_LITERAL_NULL_CONVERSION = YES;
				CLANG_WARN_OBJC_IMPLICIT_RETAIN_SELF = YES;
				CLANG_WARN_OBJC_LITERAL_CONVERSION = YES;
				CLANG_WARN_OBJC_ROOT_CLASS = YES_ERROR;
				CLANG_WARN_QUOTED_INCLUDE_IN_FRAMEWORK_HEADER = YES;
				CLANG_WARN_RANGE_LOOP_ANALYSIS = YES;
				CLANG_WARN_STRICT_PROTOTYPES = YES;
				CLANG_WARN_SUSPICIOUS_MOVE = YES;
				CLANG_WARN_UNGUARDED_AVAILABILITY = YES_AGGRESSIVE;
				CLANG_WARN_UNREACHABLE_CODE = YES;
				CLANG_WARN__DUPLICATE_METHOD_MATCH = YES;
				COPY_PHASE_STRIP = NO;
				DEBUG_INFORMATION_FORMAT = "dwarf-with-dsym";
				ENABLE_NS_ASSERTIONS = NO;
				ENABLE_STRICT_OBJC_MSGSEND = YES;
				GCC_C_LANGUAGE_STANDARD = gnu11;
				GCC_NO_COMMON_BLOCKS = YES;
				GCC_WARN_64_TO_32_BIT_CONVERSION = YES;
				GCC_WARN_ABOUT_RETURN_TYPE = YES_ERROR;
				GCC_WARN_UNDECLARED_SELECTOR = YES;
				GCC_WARN_UNINITIALIZED_AUTOS = YES_AGGRESSIVE;
				GCC_WARN_UNUSED_FUNCTION = YES;
				GCC_WARN_UNUSED_VARIABLE = YES;
				IPHONEOS_DEPLOYMENT_TARGET = 15.0;
				MTL_ENABLE_DEBUG_INFO = NO;
				MTL_FAST_MATH = YES;
				SDKROOT = iphoneos;
				SWIFT_COMPILATION_MODE = wholemodule;
				SWIFT_OPTIMIZATION_LEVEL = "-O";
				VALIDATE_PRODUCT = YES;
			};
			name = Release;
		};
		FA038E192ABDC83200809779 /* Debug */ = {
			isa = XCBuildConfiguration;
			buildSettings = {
				ASSETCATALOG_COMPILER_APPICON_NAME = AppIcon;
				ASSETCATALOG_COMPILER_GLOBAL_ACCENT_COLOR_NAME = AccentColor;
				CODE_SIGN_IDENTITY = "Apple Development";
				CODE_SIGN_STYLE = Automatic;
				CURRENT_PROJECT_VERSION = 5;
				DEVELOPMENT_ASSET_PATHS = "\"TestVibration/Preview Content\"";
				DEVELOPMENT_TEAM = G39922AGDV;
				ENABLE_PREVIEWS = YES;
				GENERATE_INFOPLIST_FILE = YES;
				INFOPLIST_KEY_UIApplicationSceneManifest_Generation = YES;
				INFOPLIST_KEY_UIApplicationSupportsIndirectInputEvents = YES;
				INFOPLIST_KEY_UILaunchScreen_Generation = YES;
				INFOPLIST_KEY_UISupportedInterfaceOrientations = UIInterfaceOrientationPortrait;
				INFOPLIST_KEY_UISupportedInterfaceOrientations_iPad = "UIInterfaceOrientationLandscapeLeft UIInterfaceOrientationLandscapeRight UIInterfaceOrientationPortrait UIInterfaceOrientationPortraitUpsideDown";
				IPHONEOS_DEPLOYMENT_TARGET = 15.0;
				LD_RUNPATH_SEARCH_PATHS = (
					"$(inherited)",
					"@executable_path/Frameworks",
				);
				MARKETING_VERSION = 1.0;
				PRODUCT_BUNDLE_IDENTIFIER = com.relaxingapplication.test;
				PRODUCT_NAME = "$(TARGET_NAME)";
				PROVISIONING_PROFILE_SPECIFIER = "";
				SUPPORTED_PLATFORMS = "iphoneos iphonesimulator";
				SUPPORTS_MACCATALYST = NO;
				SUPPORTS_MAC_DESIGNED_FOR_IPHONE_IPAD = NO;
				SWIFT_EMIT_LOC_STRINGS = YES;
				SWIFT_VERSION = 5.0;
				TARGETED_DEVICE_FAMILY = 1;
			};
			name = Debug;
		};
		FA038E1A2ABDC83200809779 /* Release */ = {
			isa = XCBuildConfiguration;
			buildSettings = {
				ASSETCATALOG_COMPILER_APPICON_NAME = AppIcon;
				ASSETCATALOG_COMPILER_GLOBAL_ACCENT_COLOR_NAME = AccentColor;
				CODE_SIGN_IDENTITY = "Apple Development";
				CODE_SIGN_STYLE = Automatic;
				CURRENT_PROJECT_VERSION = 5;
				DEVELOPMENT_ASSET_PATHS = "\"TestVibration/Preview Content\"";
				DEVELOPMENT_TEAM = G39922AGDV;
				ENABLE_PREVIEWS = YES;
				GENERATE_INFOPLIST_FILE = YES;
				INFOPLIST_KEY_UIApplicationSceneManifest_Generation = YES;
				INFOPLIST_KEY_UIApplicationSupportsIndirectInputEvents = YES;
				INFOPLIST_KEY_UILaunchScreen_Generation = YES;
				INFOPLIST_KEY_UISupportedInterfaceOrientations = UIInterfaceOrientationPortrait;
				INFOPLIST_KEY_UISupportedInterfaceOrientations_iPad = "UIInterfaceOrientationLandscapeLeft UIInterfaceOrientationLandscapeRight UIInterfaceOrientationPortrait UIInterfaceOrientationPortraitUpsideDown";
				IPHONEOS_DEPLOYMENT_TARGET = 15.0;
				LD_RUNPATH_SEARCH_PATHS = (
					"$(inherited)",
					"@executable_path/Frameworks",
				);
				MARKETING_VERSION = 1.0;
				PRODUCT_BUNDLE_IDENTIFIER = com.relaxingapplication.test;
				PRODUCT_NAME = "$(TARGET_NAME)";
				PROVISIONING_PROFILE_SPECIFIER = "";
				SUPPORTED_PLATFORMS = "iphoneos iphonesimulator";
				SUPPORTS_MACCATALYST = NO;
				SUPPORTS_MAC_DESIGNED_FOR_IPHONE_IPAD = NO;
				SWIFT_EMIT_LOC_STRINGS = YES;
				SWIFT_VERSION = 5.0;
				TARGETED_DEVICE_FAMILY = 1;
			};
			name = Release;
		};
/* End XCBuildConfiguration section */

/* Begin XCConfigurationList section */
		FA038E052ABDC83100809779 /* Build configuration list for PBXProject "TestVibration" */ = {
			isa = XCConfigurationList;
			buildConfigurations = (
				FA038E162ABDC83200809779 /* Debug */,
				FA038E172ABDC83200809779 /* Release */,
			);
			defaultConfigurationIsVisible = 0;
			defaultConfigurationName = Release;
		};
		FA038E182ABDC83200809779 /* Build configuration list for PBXNativeTarget "TestVibration" */ = {
			isa = XCConfigurationList;
			buildConfigurations = (
				FA038E192ABDC83200809779 /* Debug */,
				FA038E1A2ABDC83200809779 /* Release */,
			);
			defaultConfigurationIsVisible = 0;
			defaultConfigurationName = Release;
		};
/* End XCConfigurationList section */

/* Begin XCRemoteSwiftPackageReference section */
		FA1C95932AC2D15600C32390 /* XCRemoteSwiftPackageReference "AdaptySDK-iOS" */ = {
			isa = XCRemoteSwiftPackageReference;
			repositoryURL = "https://github.com/adaptyteam/AdaptySDK-iOS.git";
			requirement = {
				kind = upToNextMajorVersion;
				minimumVersion = 2.0.0;
			};
		};
		FA1C95982AC2E02900C32390 /* XCRemoteSwiftPackageReference "AdaptyUI-iOS" */ = {
			isa = XCRemoteSwiftPackageReference;
			repositoryURL = "https://github.com/adaptyteam/AdaptyUI-iOS.git";
			requirement = {
				kind = upToNextMajorVersion;
				minimumVersion = 2.0.0;
			};
		};
/* End XCRemoteSwiftPackageReference section */

/* Begin XCSwiftPackageProductDependency section */
		FA1C95942AC2D15600C32390 /* Adapty */ = {
			isa = XCSwiftPackageProductDependency;
			package = FA1C95932AC2D15600C32390 /* XCRemoteSwiftPackageReference "AdaptySDK-iOS" */;
			productName = Adapty;
		};
		FA1C95992AC2E02900C32390 /* AdaptyUI */ = {
			isa = XCSwiftPackageProductDependency;
			package = FA1C95982AC2E02900C32390 /* XCRemoteSwiftPackageReference "AdaptyUI-iOS" */;
			productName = AdaptyUI;
		};
/* End XCSwiftPackageProductDependency section */
	};
	rootObject = FA038E022ABDC83100809779 /* Project object */;
}
